
Microsoft Visual Studio Solution File, Format Version 12.00
# Visual Studio Version 17
VisualStudioVersion = 17.14.36603.0 d17.14
MinimumVisualStudioVersion = 10.0.40219.1
Project("{FAE04EC0-301F-11D3-BF4B-00C04F79EFBC}") = "FeatherstoneConsoleApp1", "FeatherstoneConsoleApp1.csproj", "{404EFADD-5450-4837-BCF8-A8574F2B9E75}"
EndProject
Global
	GlobalSection(SolutionConfigurationPlatforms) = preSolution
		Debug|Any CPU = Debug|Any CPU
		Release|Any CPU = Release|Any CPU
	EndGlobalSection
	GlobalSection(ProjectConfigurationPlatforms) = postSolution
		{404EFADD-5450-4837-BCF8-A8574F2B9E75}.Debug|Any CPU.ActiveCfg = Debug|Any CPU
		{404EFADD-5450-4837-BCF8-A8574F2B9E75}.Debug|Any CPU.Build.0 = Debug|Any CPU
		{404EFADD-5450-4837-BCF8-A8574F2B9E75}.Release|Any CPU.ActiveCfg = Release|Any CPU
		{404EFADD-5450-4837-BCF8-A8574F2B9E75}.Release|Any CPU.Build.0 = Release|Any CPU
	EndGlobalSection
	GlobalSection(SolutionProperties) = preSolution
		HideSolutionNode = FALSE
	EndGlobalSection
	GlobalSection(ExtensibilityGlobals) = postSolution
		SolutionGuid = {B6D37F8C-B53D-4185-84BB-994DB98C7AA8}
	EndGlobalSection
EndGlobal
